
Microsoft Visual Studio Solution File, Format Version 12.00
# Visual Studio Version 17
VisualStudioVersion = 17.3.32929.385
MinimumVisualStudioVersion = 10.0.40219.1
Project("{FAE04EC0-301F-11D3-BF4B-00C04F79EFBC}") = "QL_Karaoke", "QL_Karaoke\QL_Karaoke.csproj", "{19E06E99-BA8B-461C-936A-F0BD5603BFA9}"
EndProject
Global
	GlobalSection(SolutionConfigurationPlatforms) = preSolution
		Debug|Any CPU = Debug|Any CPU
		Release|Any CPU = Release|Any CPU
	EndGlobalSection
	GlobalSection(ProjectConfigurationPlatforms) = postSolution
		{19E06E99-BA8B-461C-936A-F0BD5603BFA9}.Debug|Any CPU.ActiveCfg = Debug|Any CPU
		{19E06E99-BA8B-461C-936A-F0BD5603BFA9}.Debug|Any CPU.Build.0 = Debug|Any CPU
		{19E06E99-BA8B-461C-936A-F0BD5603BFA9}.Release|Any CPU.ActiveCfg = Release|Any CPU
		{19E06E99-BA8B-461C-936A-F0BD5603BFA9}.Release|Any CPU.Build.0 = Release|Any CPU
	EndGlobalSection
	GlobalSection(SolutionProperties) = preSolution
		HideSolutionNode = FALSE
	EndGlobalSection
	GlobalSection(ExtensibilityGlobals) = postSolution
		SolutionGuid = {EB1905FE-6059-4D96-9E40-C60E23986811}
	EndGlobalSection
EndGlobal
